
Microsoft Visual Studio Solution File, Format Version 12.00
# Visual Studio Version 17
VisualStudioVersion = 17.6.33815.320
MinimumVisualStudioVersion = 10.0.40219.1
Project("{9A19103F-16F7-4668-BE54-9A1E7A4F7556}") = "ApiServer", "ApricodeTestTask\ApiServer.csproj", "{A6D80DEA-8882-40A0-80E3-B7E76C07201F}"
EndProject
Project("{9A19103F-16F7-4668-BE54-9A1E7A4F7556}") = "Entities", "Entities\Entities.csproj", "{535AF482-1E87-4CFC-A7FC-C7253CA7D847}"
EndProject
Project("{9A19103F-16F7-4668-BE54-9A1E7A4F7556}") = "Contracts", "Contracts\Contracts.csproj", "{B153F0FD-CE2E-4BF5-9909-31C5767AB358}"
EndProject
Project("{9A19103F-16F7-4668-BE54-9A1E7A4F7556}") = "Repository", "Repository\Repository.csproj", "{CA47B547-DC8E-4126-AD11-1E8CAFEDA653}"
EndProject
Project("{FAE04EC0-301F-11D3-BF4B-00C04F79EFBC}") = "LoggerService", "LoggerService\LoggerService.csproj", "{21608844-E8DA-4243-9D8F-BCEDE849D51F}"
EndProject
Global
	GlobalSection(SolutionConfigurationPlatforms) = preSolution
		Debug|Any CPU = Debug|Any CPU
		Release|Any CPU = Release|Any CPU
	EndGlobalSection
	GlobalSection(ProjectConfigurationPlatforms) = postSolution
		{A6D80DEA-8882-40A0-80E3-B7E76C07201F}.Debug|Any CPU.ActiveCfg = Debug|Any CPU
		{A6D80DEA-8882-40A0-80E3-B7E76C07201F}.Debug|Any CPU.Build.0 = Debug|Any CPU
		{A6D80DEA-8882-40A0-80E3-B7E76C07201F}.Release|Any CPU.ActiveCfg = Release|Any CPU
		{A6D80DEA-8882-40A0-80E3-B7E76C07201F}.Release|Any CPU.Build.0 = Release|Any CPU
		{535AF482-1E87-4CFC-A7FC-C7253CA7D847}.Debug|Any CPU.ActiveCfg = Debug|Any CPU
		{535AF482-1E87-4CFC-A7FC-C7253CA7D847}.Debug|Any CPU.Build.0 = Debug|Any CPU
		{535AF482-1E87-4CFC-A7FC-C7253CA7D847}.Release|Any CPU.ActiveCfg = Release|Any CPU
		{535AF482-1E87-4CFC-A7FC-C7253CA7D847}.Release|Any CPU.Build.0 = Release|Any CPU
		{B153F0FD-CE2E-4BF5-9909-31C5767AB358}.Debug|Any CPU.ActiveCfg = Debug|Any CPU
		{B153F0FD-CE2E-4BF5-9909-31C5767AB358}.Debug|Any CPU.Build.0 = Debug|Any CPU
		{B153F0FD-CE2E-4BF5-9909-31C5767AB358}.Release|Any CPU.ActiveCfg = Release|Any CPU
		{B153F0FD-CE2E-4BF5-9909-31C5767AB358}.Release|Any CPU.Build.0 = Release|Any CPU
		{CA47B547-DC8E-4126-AD11-1E8CAFEDA653}.Debug|Any CPU.ActiveCfg = Debug|Any CPU
		{CA47B547-DC8E-4126-AD11-1E8CAFEDA653}.Debug|Any CPU.Build.0 = Debug|Any CPU
		{CA47B547-DC8E-4126-AD11-1E8CAFEDA653}.Release|Any CPU.ActiveCfg = Release|Any CPU
		{CA47B547-DC8E-4126-AD11-1E8CAFEDA653}.Release|Any CPU.Build.0 = Release|Any CPU
		{21608844-E8DA-4243-9D8F-BCEDE849D51F}.Debug|Any CPU.ActiveCfg = Debug|Any CPU
		{21608844-E8DA-4243-9D8F-BCEDE849D51F}.Debug|Any CPU.Build.0 = Debug|Any CPU
		{21608844-E8DA-4243-9D8F-BCEDE849D51F}.Release|Any CPU.ActiveCfg = Release|Any CPU
		{21608844-E8DA-4243-9D8F-BCEDE849D51F}.Release|Any CPU.Build.0 = Release|Any CPU
	EndGlobalSection
	GlobalSection(SolutionProperties) = preSolution
		HideSolutionNode = FALSE
	EndGlobalSection
	GlobalSection(ExtensibilityGlobals) = postSolution
		SolutionGuid = {942B7C76-5233-4B75-BE1A-C5DEB64C4E35}
	EndGlobalSection
EndGlobal
